
Microsoft Visual Studio Solution File, Format Version 12.00
# Visual Studio Version 17
VisualStudioVersion = 17.9.34701.34
MinimumVisualStudioVersion = 10.0.40219.1
Project("{2150E333-8FDC-42A3-9474-1A3956D46DE8}") = "Entities", "Entities", "{EAAB7D30-5126-4F05-B303-5F14CEC24C54}"
EndProject
Project("{2150E333-8FDC-42A3-9474-1A3956D46DE8}") = "Backend", "Backend", "{DBC10B64-4BCA-48B7-9E33-31C3FB15CF54}"
EndProject
Project("{2150E333-8FDC-42A3-9474-1A3956D46DE8}") = "Frondend", "Frondend", "{8FA59C6B-9F1A-48D7-A33E-043D1F46C86A}"
EndProject
Project("{9A19103F-16F7-4668-BE54-9A1E7A4F7556}") = "SocialLogin.Client.Entities", "Src\SocialLogin.Client.Entities\SocialLogin.Client.Entities.csproj", "{CBBE0368-F340-4A99-BA4A-F3AF60DE8CAC}"
EndProject
Project("{9A19103F-16F7-4668-BE54-9A1E7A4F7556}") = "SocialLogin.Client.Blazor", "Src\SocialLogin.Client.Blazor\SocialLogin.Client.Blazor.csproj", "{0EF1E0F3-C674-49BD-B9C5-705AA492ADB9}"
EndProject
Project("{9A19103F-16F7-4668-BE54-9A1E7A4F7556}") = "SocialLogin.WebApi", "Src\SocialLogin.WebApi\SocialLogin.WebApi.csproj", "{5C2EA598-CBF8-400B-A4EF-3ECDDE10FBD6}"
EndProject
Project("{9A19103F-16F7-4668-BE54-9A1E7A4F7556}") = "SocialLogin.Client.HttpHandlers", "Src\SocialLogin.Client.HttpHandlers\SocialLogin.Client.HttpHandlers.csproj", "{EC691974-0697-4C60-AB92-20A54767C8FD}"
EndProject
Global
	GlobalSection(SolutionConfigurationPlatforms) = preSolution
		Debug|Any CPU = Debug|Any CPU
		Release|Any CPU = Release|Any CPU
	EndGlobalSection
	GlobalSection(ProjectConfigurationPlatforms) = postSolution
		{CBBE0368-F340-4A99-BA4A-F3AF60DE8CAC}.Debug|Any CPU.ActiveCfg = Debug|Any CPU
		{CBBE0368-F340-4A99-BA4A-F3AF60DE8CAC}.Debug|Any CPU.Build.0 = Debug|Any CPU
		{CBBE0368-F340-4A99-BA4A-F3AF60DE8CAC}.Release|Any CPU.ActiveCfg = Release|Any CPU
		{CBBE0368-F340-4A99-BA4A-F3AF60DE8CAC}.Release|Any CPU.Build.0 = Release|Any CPU
		{0EF1E0F3-C674-49BD-B9C5-705AA492ADB9}.Debug|Any CPU.ActiveCfg = Debug|Any CPU
		{0EF1E0F3-C674-49BD-B9C5-705AA492ADB9}.Debug|Any CPU.Build.0 = Debug|Any CPU
		{0EF1E0F3-C674-49BD-B9C5-705AA492ADB9}.Release|Any CPU.ActiveCfg = Release|Any CPU
		{0EF1E0F3-C674-49BD-B9C5-705AA492ADB9}.Release|Any CPU.Build.0 = Release|Any CPU
		{5C2EA598-CBF8-400B-A4EF-3ECDDE10FBD6}.Debug|Any CPU.ActiveCfg = Debug|Any CPU
		{5C2EA598-CBF8-400B-A4EF-3ECDDE10FBD6}.Debug|Any CPU.Build.0 = Debug|Any CPU
		{5C2EA598-CBF8-400B-A4EF-3ECDDE10FBD6}.Release|Any CPU.ActiveCfg = Release|Any CPU
		{5C2EA598-CBF8-400B-A4EF-3ECDDE10FBD6}.Release|Any CPU.Build.0 = Release|Any CPU
		{EC691974-0697-4C60-AB92-20A54767C8FD}.Debug|Any CPU.ActiveCfg = Debug|Any CPU
		{EC691974-0697-4C60-AB92-20A54767C8FD}.Debug|Any CPU.Build.0 = Debug|Any CPU
		{EC691974-0697-4C60-AB92-20A54767C8FD}.Release|Any CPU.ActiveCfg = Release|Any CPU
		{EC691974-0697-4C60-AB92-20A54767C8FD}.Release|Any CPU.Build.0 = Release|Any CPU
	EndGlobalSection
	GlobalSection(SolutionProperties) = preSolution
		HideSolutionNode = FALSE
	EndGlobalSection
	GlobalSection(NestedProjects) = preSolution
		{CBBE0368-F340-4A99-BA4A-F3AF60DE8CAC} = {EAAB7D30-5126-4F05-B303-5F14CEC24C54}
		{0EF1E0F3-C674-49BD-B9C5-705AA492ADB9} = {8FA59C6B-9F1A-48D7-A33E-043D1F46C86A}
		{5C2EA598-CBF8-400B-A4EF-3ECDDE10FBD6} = {DBC10B64-4BCA-48B7-9E33-31C3FB15CF54}
		{EC691974-0697-4C60-AB92-20A54767C8FD} = {EAAB7D30-5126-4F05-B303-5F14CEC24C54}
	EndGlobalSection
	GlobalSection(ExtensibilityGlobals) = postSolution
		SolutionGuid = {70548036-E6F0-4A1A-A131-B2694664F116}
	EndGlobalSection
EndGlobal
